
Microsoft Visual Studio Solution File, Format Version 12.00
# Visual Studio Version 17
VisualStudioVersion = 17.2.32630.192
MinimumVisualStudioVersion = 10.0.40219.1
Project("{9A19103F-16F7-4668-BE54-9A1E7A4F7556}") = "R5T.Aestia.Database.Construction", "R5T.Aestia.Database.Construction\R5T.Aestia.Database.Construction.csproj", "{B71EE639-ABB9-4928-A0DA-8775B3047E3B}"
EndProject
Project("{9A19103F-16F7-4668-BE54-9A1E7A4F7556}") = "R5T.Aestia.Database", "R5T.Aestia.Database\R5T.Aestia.Database.csproj", "{ACA59C31-77EA-417C-856E-04CCC8FA2C98}"
EndProject
Project("{9A19103F-16F7-4668-BE54-9A1E7A4F7556}") = "R5T.Aestia.Database.Testing", "R5T.Aestia.Database.Testing\R5T.Aestia.Database.Testing.csproj", "{7E290BAC-6548-4418-94D4-F272E4CFF771}"
EndProject
Project("{2150E333-8FDC-42A3-9474-1A3956D46DE8}") = "_Dependencies", "_Dependencies", "{514900EC-C588-488F-B953-DD6DD10C3249}"
EndProject
Project("{9A19103F-16F7-4668-BE54-9A1E7A4F7556}") = "R5T.Aestia.Base", "..\..\R5T.Aestia.Base\source\R5T.Aestia.Base\R5T.Aestia.Base.csproj", "{BC4C5090-E3E9-43C8-9DD0-DE1066B5D42B}"
EndProject
Project("{9A19103F-16F7-4668-BE54-9A1E7A4F7556}") = "R5T.Corcyra", "..\..\R5T.Corcyra\source\R5T.Corcyra\R5T.Corcyra.csproj", "{F3BFDC48-C88D-40C5-8C69-E64FD8E1485D}"
EndProject
Project("{9A19103F-16F7-4668-BE54-9A1E7A4F7556}") = "R5T.Sindia", "..\..\R5T.Sindia\source\R5T.Sindia\R5T.Sindia.csproj", "{1A68239C-2CA3-4E70-B306-105C766B6174}"
EndProject
Project("{9A19103F-16F7-4668-BE54-9A1E7A4F7556}") = "R5T.Siscia", "..\..\R5T.Siscia\source\R5T.Siscia\R5T.Siscia.csproj", "{378497EB-31F0-4941-8A31-B86EDE832C08}"
EndProject
Project("{9A19103F-16F7-4668-BE54-9A1E7A4F7556}") = "R5T.Guide", "..\..\R5T.Guide\source\R5T.Guide\R5T.Guide.csproj", "{218A0BAA-6008-4FED-B6DC-194ED347997E}"
EndProject
Project("{9A19103F-16F7-4668-BE54-9A1E7A4F7556}") = "R5T.Francia", "..\..\R5T.Francia\source\R5T.Francia\R5T.Francia.csproj", "{7E78DEA6-CAFF-4D78-B15E-89D37C75271D}"
EndProject
Project("{9A19103F-16F7-4668-BE54-9A1E7A4F7556}") = "R5T.Venetia", "..\..\R5T.Venetia\source\R5T.Venetia\R5T.Venetia.csproj", "{CBCFE473-74C4-43EC-B89F-DDF79701CFE9}"
EndProject
Project("{9A19103F-16F7-4668-BE54-9A1E7A4F7556}") = "R5T.Dacia", "..\..\R5T.Dacia\source\R5T.Dacia\R5T.Dacia.csproj", "{7A286BFE-45BD-4132-8640-DBC9283CB4B2}"
EndProject
Project("{9A19103F-16F7-4668-BE54-9A1E7A4F7556}") = "R5T.Dacia.Extensions", "..\..\R5T.Dacia.Extensions\source\R5T.Dacia.Extensions\R5T.Dacia.Extensions.csproj", "{819FCBC1-9434-4F85-A67B-CA1AAF8CC087}"
EndProject
Project("{9A19103F-16F7-4668-BE54-9A1E7A4F7556}") = "R5T.Lincoln.Base", "..\..\R5T.Lincoln.Base\source\R5T.Lincoln.Base\R5T.Lincoln.Base.csproj", "{23F3969D-96B9-4792-AA36-A1DA4FF4686F}"
EndProject
Project("{9A19103F-16F7-4668-BE54-9A1E7A4F7556}") = "R5T.Magyar", "..\..\R5T.Magyar\source\R5T.Magyar\R5T.Magyar.csproj", "{EB347262-7530-486C-927F-25E2C801479A}"
EndProject
Project("{9A19103F-16F7-4668-BE54-9A1E7A4F7556}") = "R5T.Orgerben", "..\..\R5T.Orgerben\source\R5T.Orgerben\R5T.Orgerben.csproj", "{F666489F-323E-41F6-8AF1-6C1F54EBAC4A}"
EndProject
Project("{9A19103F-16F7-4668-BE54-9A1E7A4F7556}") = "R5T.Stagira", "..\..\R5T.Stagira\source\R5T.Stagira\R5T.Stagira.csproj", "{0D43A80A-108C-4A6A-8F9C-6969E19AB284}"
EndProject
Project("{9A19103F-16F7-4668-BE54-9A1E7A4F7556}") = "R5T.T0064", "..\..\R5T.T0064\source\R5T.T0064\R5T.T0064.csproj", "{89DFFBF0-36B9-4D6B-AC38-430734A1A138}"
EndProject
Project("{9A19103F-16F7-4668-BE54-9A1E7A4F7556}") = "R5T.T0143", "..\..\R5T.T0143\source\R5T.T0143\R5T.T0143.csproj", "{01ED2758-42E6-4930-BAEC-C58BE0093187}"
EndProject
Project("{9A19103F-16F7-4668-BE54-9A1E7A4F7556}") = "R5T.Venetia.Extensions", "..\..\R5T.Venetia.Extensions\source\R5T.Venetia.Extensions\R5T.Venetia.Extensions.csproj", "{7FC17C02-A026-4C60-9F40-CFB8E6773CA5}"
EndProject
Project("{9A19103F-16F7-4668-BE54-9A1E7A4F7556}") = "R5T.T0064.T001", "..\..\R5T.T0064\source\R5T.T0064.T001\R5T.T0064.T001.csproj", "{DC2A80A2-438E-4935-BE55-3FC77AA46F93}"
EndProject
Global
	GlobalSection(SolutionConfigurationPlatforms) = preSolution
		Debug|Any CPU = Debug|Any CPU
		Debug|x64 = Debug|x64
		Debug|x86 = Debug|x86
		Release|Any CPU = Release|Any CPU
		Release|x64 = Release|x64
		Release|x86 = Release|x86
	EndGlobalSection
	GlobalSection(ProjectConfigurationPlatforms) = postSolution
		{B71EE639-ABB9-4928-A0DA-8775B3047E3B}.Debug|Any CPU.ActiveCfg = Debug|Any CPU
		{B71EE639-ABB9-4928-A0DA-8775B3047E3B}.Debug|Any CPU.Build.0 = Debug|Any CPU
		{B71EE639-ABB9-4928-A0DA-8775B3047E3B}.Debug|x64.ActiveCfg = Debug|Any CPU
		{B71EE639-ABB9-4928-A0DA-8775B3047E3B}.Debug|x64.Build.0 = Debug|Any CPU
		{B71EE639-ABB9-4928-A0DA-8775B3047E3B}.Debug|x86.ActiveCfg = Debug|Any CPU
		{B71EE639-ABB9-4928-A0DA-8775B3047E3B}.Debug|x86.Build.0 = Debug|Any CPU
		{B71EE639-ABB9-4928-A0DA-8775B3047E3B}.Release|Any CPU.ActiveCfg = Release|Any CPU
		{B71EE639-ABB9-4928-A0DA-8775B3047E3B}.Release|Any CPU.Build.0 = Release|Any CPU
		{B71EE639-ABB9-4928-A0DA-8775B3047E3B}.Release|x64.ActiveCfg = Release|Any CPU
		{B71EE639-ABB9-4928-A0DA-8775B3047E3B}.Release|x64.Build.0 = Release|Any CPU
		{B71EE639-ABB9-4928-A0DA-8775B3047E3B}.Release|x86.ActiveCfg = Release|Any CPU
		{B71EE639-ABB9-4928-A0DA-8775B3047E3B}.Release|x86.Build.0 = Release|Any CPU
		{ACA59C31-77EA-417C-856E-04CCC8FA2C98}.Debug|Any CPU.ActiveCfg = Debug|Any CPU
		{ACA59C31-77EA-417C-856E-04CCC8FA2C98}.Debug|Any CPU.Build.0 = Debug|Any CPU
		{ACA59C31-77EA-417C-856E-04CCC8FA2C98}.Debug|x64.ActiveCfg = Debug|Any CPU
		{ACA59C31-77EA-417C-856E-04CCC8FA2C98}.Debug|x64.Build.0 = Debug|Any CPU
		{ACA59C31-77EA-417C-856E-04CCC8FA2C98}.Debug|x86.ActiveCfg = Debug|Any CPU
		{ACA59C31-77EA-417C-856E-04CCC8FA2C98}.Debug|x86.Build.0 = Debug|Any CPU
		{ACA59C31-77EA-417C-856E-04CCC8FA2C98}.Release|Any CPU.ActiveCfg = Release|Any CPU
		{ACA59C31-77EA-417C-856E-04CCC8FA2C98}.Release|Any CPU.Build.0 = Release|Any CPU
		{ACA59C31-77EA-417C-856E-04CCC8FA2C98}.Release|x64.ActiveCfg = Release|Any CPU
		{ACA59C31-77EA-417C-856E-04CCC8FA2C98}.Release|x64.Build.0 = Release|Any CPU
		{ACA59C31-77EA-417C-856E-04CCC8FA2C98}.Release|x86.ActiveCfg = Release|Any CPU
		{ACA59C31-77EA-417C-856E-04CCC8FA2C98}.Release|x86.Build.0 = Release|Any CPU
		{7E290BAC-6548-4418-94D4-F272E4CFF771}.Debug|Any CPU.ActiveCfg = Debug|Any CPU
		{7E290BAC-6548-4418-94D4-F272E4CFF771}.Debug|Any CPU.Build.0 = Debug|Any CPU
		{7E290BAC-6548-4418-94D4-F272E4CFF771}.Debug|x64.ActiveCfg = Debug|Any CPU
		{7E290BAC-6548-4418-94D4-F272E4CFF771}.Debug|x64.Build.0 = Debug|Any CPU
		{7E290BAC-6548-4418-94D4-F272E4CFF771}.Debug|x86.ActiveCfg = Debug|Any CPU
		{7E290BAC-6548-4418-94D4-F272E4CFF771}.Debug|x86.Build.0 = Debug|Any CPU
		{7E290BAC-6548-4418-94D4-F272E4CFF771}.Release|Any CPU.ActiveCfg = Release|Any CPU
		{7E290BAC-6548-4418-94D4-F272E4CFF771}.Release|Any CPU.Build.0 = Release|Any CPU
		{7E290BAC-6548-4418-94D4-F272E4CFF771}.Release|x64.ActiveCfg = Release|Any CPU
		{7E290BAC-6548-4418-94D4-F272E4CFF771}.Release|x64.Build.0 = Release|Any CPU
		{7E290BAC-6548-4418-94D4-F272E4CFF771}.Release|x86.ActiveCfg = Release|Any CPU
		{7E290BAC-6548-4418-94D4-F272E4CFF771}.Release|x86.Build.0 = Release|Any CPU
		{BC4C5090-E3E9-43C8-9DD0-DE1066B5D42B}.Debug|Any CPU.ActiveCfg = Debug|Any CPU
		{BC4C5090-E3E9-43C8-9DD0-DE1066B5D42B}.Debug|Any CPU.Build.0 = Debug|Any CPU
		{BC4C5090-E3E9-43C8-9DD0-DE1066B5D42B}.Debug|x64.ActiveCfg = Debug|Any CPU
		{BC4C5090-E3E9-43C8-9DD0-DE1066B5D42B}.Debug|x64.Build.0 = Debug|Any CPU
		{BC4C5090-E3E9-43C8-9DD0-DE1066B5D42B}.Debug|x86.ActiveCfg = Debug|Any CPU
		{BC4C5090-E3E9-43C8-9DD0-DE1066B5D42B}.Debug|x86.Build.0 = Debug|Any CPU
		{BC4C5090-E3E9-43C8-9DD0-DE1066B5D42B}.Release|Any CPU.ActiveCfg = Release|Any CPU
		{BC4C5090-E3E9-43C8-9DD0-DE1066B5D42B}.Release|Any CPU.Build.0 = Release|Any CPU
		{BC4C5090-E3E9-43C8-9DD0-DE1066B5D42B}.Release|x64.ActiveCfg = Release|Any CPU
		{BC4C5090-E3E9-43C8-9DD0-DE1066B5D42B}.Release|x64.Build.0 = Release|Any CPU
		{BC4C5090-E3E9-43C8-9DD0-DE1066B5D42B}.Release|x86.ActiveCfg = Release|Any CPU
		{BC4C5090-E3E9-43C8-9DD0-DE1066B5D42B}.Release|x86.Build.0 = Release|Any CPU
		{F3BFDC48-C88D-40C5-8C69-E64FD8E1485D}.Debug|Any CPU.ActiveCfg = Debug|Any CPU
		{F3BFDC48-C88D-40C5-8C69-E64FD8E1485D}.Debug|Any CPU.Build.0 = Debug|Any CPU
		{F3BFDC48-C88D-40C5-8C69-E64FD8E1485D}.Debug|x64.ActiveCfg = Debug|Any CPU
		{F3BFDC48-C88D-40C5-8C69-E64FD8E1485D}.Debug|x64.Build.0 = Debug|Any CPU
		{F3BFDC48-C88D-40C5-8C69-E64FD8E1485D}.Debug|x86.ActiveCfg = Debug|Any CPU
		{F3BFDC48-C88D-40C5-8C69-E64FD8E1485D}.Debug|x86.Build.0 = Debug|Any CPU
		{F3BFDC48-C88D-40C5-8C69-E64FD8E1485D}.Release|Any CPU.ActiveCfg = Release|Any CPU
		{F3BFDC48-C88D-40C5-8C69-E64FD8E1485D}.Release|Any CPU.Build.0 = Release|Any CPU
		{F3BFDC48-C88D-40C5-8C69-E64FD8E1485D}.Release|x64.ActiveCfg = Release|Any CPU
		{F3BFDC48-C88D-40C5-8C69-E64FD8E1485D}.Release|x64.Build.0 = Release|Any CPU
		{F3BFDC48-C88D-40C5-8C69-E64FD8E1485D}.Release|x86.ActiveCfg = Release|Any CPU
		{F3BFDC48-C88D-40C5-8C69-E64FD8E1485D}.Release|x86.Build.0 = Release|Any CPU
		{1A68239C-2CA3-4E70-B306-105C766B6174}.Debug|Any CPU.ActiveCfg = Debug|Any CPU
		{1A68239C-2CA3-4E70-B306-105C766B6174}.Debug|Any CPU.Build.0 = Debug|Any CPU
		{1A68239C-2CA3-4E70-B306-105C766B6174}.Debug|x64.ActiveCfg = Debug|Any CPU
		{1A68239C-2CA3-4E70-B306-105C766B6174}.Debug|x64.Build.0 = Debug|Any CPU
		{1A68239C-2CA3-4E70-B306-105C766B6174}.Debug|x86.ActiveCfg = Debug|Any CPU
		{1A68239C-2CA3-4E70-B306-105C766B6174}.Debug|x86.Build.0 = Debug|Any CPU
		{1A68239C-2CA3-4E70-B306-105C766B6174}.Release|Any CPU.ActiveCfg = Release|Any CPU
		{1A68239C-2CA3-4E70-B306-105C766B6174}.Release|Any CPU.Build.0 = Release|Any CPU
		{1A68239C-2CA3-4E70-B306-105C766B6174}.Release|x64.ActiveCfg = Release|Any CPU
		{1A68239C-2CA3-4E70-B306-105C766B6174}.Release|x64.Build.0 = Release|Any CPU
		{1A68239C-2CA3-4E70-B306-105C766B6174}.Release|x86.ActiveCfg = Release|Any CPU
		{1A68239C-2CA3-4E70-B306-105C766B6174}.Release|x86.Build.0 = Release|Any CPU
		{378497EB-31F0-4941-8A31-B86EDE832C08}.Debug|Any CPU.ActiveCfg = Debug|Any CPU
		{378497EB-31F0-4941-8A31-B86EDE832C08}.Debug|Any CPU.Build.0 = Debug|Any CPU
		{378497EB-31F0-4941-8A31-B86EDE832C08}.Debug|x64.ActiveCfg = Debug|Any CPU
		{378497EB-31F0-4941-8A31-B86EDE832C08}.Debug|x64.Build.0 = Debug|Any CPU
		{378497EB-31F0-4941-8A31-B86EDE832C08}.Debug|x86.ActiveCfg = Debug|Any CPU
		{378497EB-31F0-4941-8A31-B86EDE832C08}.Debug|x86.Build.0 = Debug|Any CPU
		{378497EB-31F0-4941-8A31-B86EDE832C08}.Release|Any CPU.ActiveCfg = Release|Any CPU
		{378497EB-31F0-4941-8A31-B86EDE832C08}.Release|Any CPU.Build.0 = Release|Any CPU
		{378497EB-31F0-4941-8A31-B86EDE832C08}.Release|x64.ActiveCfg = Release|Any CPU
		{378497EB-31F0-4941-8A31-B86EDE832C08}.Release|x64.Build.0 = Release|Any CPU
		{378497EB-31F0-4941-8A31-B86EDE832C08}.Release|x86.ActiveCfg = Release|Any CPU
		{378497EB-31F0-4941-8A31-B86EDE832C08}.Release|x86.Build.0 = Release|Any CPU
		{218A0BAA-6008-4FED-B6DC-194ED347997E}.Debug|Any CPU.ActiveCfg = Debug|Any CPU
		{218A0BAA-6008-4FED-B6DC-194ED347997E}.Debug|Any CPU.Build.0 = Debug|Any CPU
		{218A0BAA-6008-4FED-B6DC-194ED347997E}.Debug|x64.ActiveCfg = Debug|Any CPU
		{218A0BAA-6008-4FED-B6DC-194ED347997E}.Debug|x64.Build.0 = Debug|Any CPU
		{218A0BAA-6008-4FED-B6DC-194ED347997E}.Debug|x86.ActiveCfg = Debug|Any CPU
		{218A0BAA-6008-4FED-B6DC-194ED347997E}.Debug|x86.Build.0 = Debug|Any CPU
		{218A0BAA-6008-4FED-B6DC-194ED347997E}.Release|Any CPU.ActiveCfg = Release|Any CPU
		{218A0BAA-6008-4FED-B6DC-194ED347997E}.Release|Any CPU.Build.0 = Release|Any CPU
		{218A0BAA-6008-4FED-B6DC-194ED347997E}.Release|x64.ActiveCfg = Release|Any CPU
		{218A0BAA-6008-4FED-B6DC-194ED347997E}.Release|x64.Build.0 = Release|Any CPU
		{218A0BAA-6008-4FED-B6DC-194ED347997E}.Release|x86.ActiveCfg = Release|Any CPU
		{218A0BAA-6008-4FED-B6DC-194ED347997E}.Release|x86.Build.0 = Release|Any CPU
		{7E78DEA6-CAFF-4D78-B15E-89D37C75271D}.Debug|Any CPU.ActiveCfg = Debug|Any CPU
		{7E78DEA6-CAFF-4D78-B15E-89D37C75271D}.Debug|Any CPU.Build.0 = Debug|Any CPU
		{7E78DEA6-CAFF-4D78-B15E-89D37C75271D}.Debug|x64.ActiveCfg = Debug|Any CPU
		{7E78DEA6-CAFF-4D78-B15E-89D37C75271D}.Debug|x64.Build.0 = Debug|Any CPU
		{7E78DEA6-CAFF-4D78-B15E-89D37C75271D}.Debug|x86.ActiveCfg = Debug|Any CPU
		{7E78DEA6-CAFF-4D78-B15E-89D37C75271D}.Debug|x86.Build.0 = Debug|Any CPU
		{7E78DEA6-CAFF-4D78-B15E-89D37C75271D}.Release|Any CPU.ActiveCfg = Release|Any CPU
		{7E78DEA6-CAFF-4D78-B15E-89D37C75271D}.Release|Any CPU.Build.0 = Release|Any CPU
		{7E78DEA6-CAFF-4D78-B15E-89D37C75271D}.Release|x64.ActiveCfg = Release|Any CPU
		{7E78DEA6-CAFF-4D78-B15E-89D37C75271D}.Release|x64.Build.0 = Release|Any CPU
		{7E78DEA6-CAFF-4D78-B15E-89D37C75271D}.Release|x86.ActiveCfg = Release|Any CPU
		{7E78DEA6-CAFF-4D78-B15E-89D37C75271D}.Release|x86.Build.0 = Release|Any CPU
		{CBCFE473-74C4-43EC-B89F-DDF79701CFE9}.Debug|Any CPU.ActiveCfg = Debug|Any CPU
		{CBCFE473-74C4-43EC-B89F-DDF79701CFE9}.Debug|Any CPU.Build.0 = Debug|Any CPU
		{CBCFE473-74C4-43EC-B89F-DDF79701CFE9}.Debug|x64.ActiveCfg = Debug|Any CPU
		{CBCFE473-74C4-43EC-B89F-DDF79701CFE9}.Debug|x64.Build.0 = Debug|Any CPU
		{CBCFE473-74C4-43EC-B89F-DDF79701CFE9}.Debug|x86.ActiveCfg = Debug|Any CPU
		{CBCFE473-74C4-43EC-B89F-DDF79701CFE9}.Debug|x86.Build.0 = Debug|Any CPU
		{CBCFE473-74C4-43EC-B89F-DDF79701CFE9}.Release|Any CPU.ActiveCfg = Release|Any CPU
		{CBCFE473-74C4-43EC-B89F-DDF79701CFE9}.Release|Any CPU.Build.0 = Release|Any CPU
		{CBCFE473-74C4-43EC-B89F-DDF79701CFE9}.Release|x64.ActiveCfg = Release|Any CPU
		{CBCFE473-74C4-43EC-B89F-DDF79701CFE9}.Release|x64.Build.0 = Release|Any CPU
		{CBCFE473-74C4-43EC-B89F-DDF79701CFE9}.Release|x86.ActiveCfg = Release|Any CPU
		{CBCFE473-74C4-43EC-B89F-DDF79701CFE9}.Release|x86.Build.0 = Release|Any CPU
		{7A286BFE-45BD-4132-8640-DBC9283CB4B2}.Debug|Any CPU.ActiveCfg = Debug|Any CPU
		{7A286BFE-45BD-4132-8640-DBC9283CB4B2}.Debug|Any CPU.Build.0 = Debug|Any CPU
		{7A286BFE-45BD-4132-8640-DBC9283CB4B2}.Debug|x64.ActiveCfg = Debug|Any CPU
		{7A286BFE-45BD-4132-8640-DBC9283CB4B2}.Debug|x64.Build.0 = Debug|Any CPU
		{7A286BFE-45BD-4132-8640-DBC9283CB4B2}.Debug|x86.ActiveCfg = Debug|Any CPU
		{7A286BFE-45BD-4132-8640-DBC9283CB4B2}.Debug|x86.Build.0 = Debug|Any CPU
		{7A286BFE-45BD-4132-8640-DBC9283CB4B2}.Release|Any CPU.ActiveCfg = Release|Any CPU
		{7A286BFE-45BD-4132-8640-DBC9283CB4B2}.Release|Any CPU.Build.0 = Release|Any CPU
		{7A286BFE-45BD-4132-8640-DBC9283CB4B2}.Release|x64.ActiveCfg = Release|Any CPU
		{7A286BFE-45BD-4132-8640-DBC9283CB4B2}.Release|x64.Build.0 = Release|Any CPU
		{7A286BFE-45BD-4132-8640-DBC9283CB4B2}.Release|x86.ActiveCfg = Release|Any CPU
		{7A286BFE-45BD-4132-8640-DBC9283CB4B2}.Release|x86.Build.0 = Release|Any CPU
		{819FCBC1-9434-4F85-A67B-CA1AAF8CC087}.Debug|Any CPU.ActiveCfg = Debug|Any CPU
		{819FCBC1-9434-4F85-A67B-CA1AAF8CC087}.Debug|Any CPU.Build.0 = Debug|Any CPU
		{819FCBC1-9434-4F85-A67B-CA1AAF8CC087}.Debug|x64.ActiveCfg = Debug|Any CPU
		{819FCBC1-9434-4F85-A67B-CA1AAF8CC087}.Debug|x64.Build.0 = Debug|Any CPU
		{819FCBC1-9434-4F85-A67B-CA1AAF8CC087}.Debug|x86.ActiveCfg = Debug|Any CPU
		{819FCBC1-9434-4F85-A67B-CA1AAF8CC087}.Debug|x86.Build.0 = Debug|Any CPU
		{819FCBC1-9434-4F85-A67B-CA1AAF8CC087}.Release|Any CPU.ActiveCfg = Release|Any CPU
		{819FCBC1-9434-4F85-A67B-CA1AAF8CC087}.Release|Any CPU.Build.0 = Release|Any CPU
		{819FCBC1-9434-4F85-A67B-CA1AAF8CC087}.Release|x64.ActiveCfg = Release|Any CPU
		{819FCBC1-9434-4F85-A67B-CA1AAF8CC087}.Release|x64.Build.0 = Release|Any CPU
		{819FCBC1-9434-4F85-A67B-CA1AAF8CC087}.Release|x86.ActiveCfg = Release|Any CPU
		{819FCBC1-9434-4F85-A67B-CA1AAF8CC087}.Release|x86.Build.0 = Release|Any CPU
		{23F3969D-96B9-4792-AA36-A1DA4FF4686F}.Debug|Any CPU.ActiveCfg = Debug|Any CPU
		{23F3969D-96B9-4792-AA36-A1DA4FF4686F}.Debug|Any CPU.Build.0 = Debug|Any CPU
		{23F3969D-96B9-4792-AA36-A1DA4FF4686F}.Debug|x64.ActiveCfg = Debug|Any CPU
		{23F3969D-96B9-4792-AA36-A1DA4FF4686F}.Debug|x64.Build.0 = Debug|Any CPU
		{23F3969D-96B9-4792-AA36-A1DA4FF4686F}.Debug|x86.ActiveCfg = Debug|Any CPU
		{23F3969D-96B9-4792-AA36-A1DA4FF4686F}.Debug|x86.Build.0 = Debug|Any CPU
		{23F3969D-96B9-4792-AA36-A1DA4FF4686F}.Release|Any CPU.ActiveCfg = Release|Any CPU
		{23F3969D-96B9-4792-AA36-A1DA4FF4686F}.Release|Any CPU.Build.0 = Release|Any CPU
		{23F3969D-96B9-4792-AA36-A1DA4FF4686F}.Release|x64.ActiveCfg = Release|Any CPU
		{23F3969D-96B9-4792-AA36-A1DA4FF4686F}.Release|x64.Build.0 = Release|Any CPU
		{23F3969D-96B9-4792-AA36-A1DA4FF4686F}.Release|x86.ActiveCfg = Release|Any CPU
		{23F3969D-96B9-4792-AA36-A1DA4FF4686F}.Release|x86.Build.0 = Release|Any CPU
		{EB347262-7530-486C-927F-25E2C801479A}.Debug|Any CPU.ActiveCfg = Debug|Any CPU
		{EB347262-7530-486C-927F-25E2C801479A}.Debug|Any CPU.Build.0 = Debug|Any CPU
		{EB347262-7530-486C-927F-25E2C801479A}.Debug|x64.ActiveCfg = Debug|Any CPU
		{EB347262-7530-486C-927F-25E2C801479A}.Debug|x64.Build.0 = Debug|Any CPU
		{EB347262-7530-486C-927F-25E2C801479A}.Debug|x86.ActiveCfg = Debug|Any CPU
		{EB347262-7530-486C-927F-25E2C801479A}.Debug|x86.Build.0 = Debug|Any CPU
		{EB347262-7530-486C-927F-25E2C801479A}.Release|Any CPU.ActiveCfg = Release|Any CPU
		{EB347262-7530-486C-927F-25E2C801479A}.Release|Any CPU.Build.0 = Release|Any CPU
		{EB347262-7530-486C-927F-25E2C801479A}.Release|x64.ActiveCfg = Release|Any CPU
		{EB347262-7530-486C-927F-25E2C801479A}.Release|x64.Build.0 = Release|Any CPU
		{EB347262-7530-486C-927F-25E2C801479A}.Release|x86.ActiveCfg = Release|Any CPU
		{EB347262-7530-486C-927F-25E2C801479A}.Release|x86.Build.0 = Release|Any CPU
		{F666489F-323E-41F6-8AF1-6C1F54EBAC4A}.Debug|Any CPU.ActiveCfg = Debug|Any CPU
		{F666489F-323E-41F6-8AF1-6C1F54EBAC4A}.Debug|Any CPU.Build.0 = Debug|Any CPU
		{F666489F-323E-41F6-8AF1-6C1F54EBAC4A}.Debug|x64.ActiveCfg = Debug|Any CPU
		{F666489F-323E-41F6-8AF1-6C1F54EBAC4A}.Debug|x64.Build.0 = Debug|Any CPU
		{F666489F-323E-41F6-8AF1-6C1F54EBAC4A}.Debug|x86.ActiveCfg = Debug|Any CPU
		{F666489F-323E-41F6-8AF1-6C1F54EBAC4A}.Debug|x86.Build.0 = Debug|Any CPU
		{F666489F-323E-41F6-8AF1-6C1F54EBAC4A}.Release|Any CPU.ActiveCfg = Release|Any CPU
		{F666489F-323E-41F6-8AF1-6C1F54EBAC4A}.Release|Any CPU.Build.0 = Release|Any CPU
		{F666489F-323E-41F6-8AF1-6C1F54EBAC4A}.Release|x64.ActiveCfg = Release|Any CPU
		{F666489F-323E-41F6-8AF1-6C1F54EBAC4A}.Release|x64.Build.0 = Release|Any CPU
		{F666489F-323E-41F6-8AF1-6C1F54EBAC4A}.Release|x86.ActiveCfg = Release|Any CPU
		{F666489F-323E-41F6-8AF1-6C1F54EBAC4A}.Release|x86.Build.0 = Release|Any CPU
		{0D43A80A-108C-4A6A-8F9C-6969E19AB284}.Debug|Any CPU.ActiveCfg = Debug|Any CPU
		{0D43A80A-108C-4A6A-8F9C-6969E19AB284}.Debug|Any CPU.Build.0 = Debug|Any CPU
		{0D43A80A-108C-4A6A-8F9C-6969E19AB284}.Debug|x64.ActiveCfg = Debug|Any CPU
		{0D43A80A-108C-4A6A-8F9C-6969E19AB284}.Debug|x64.Build.0 = Debug|Any CPU
		{0D43A80A-108C-4A6A-8F9C-6969E19AB284}.Debug|x86.ActiveCfg = Debug|Any CPU
		{0D43A80A-108C-4A6A-8F9C-6969E19AB284}.Debug|x86.Build.0 = Debug|Any CPU
		{0D43A80A-108C-4A6A-8F9C-6969E19AB284}.Release|Any CPU.ActiveCfg = Release|Any CPU
		{0D43A80A-108C-4A6A-8F9C-6969E19AB284}.Release|Any CPU.Build.0 = Release|Any CPU
		{0D43A80A-108C-4A6A-8F9C-6969E19AB284}.Release|x64.ActiveCfg = Release|Any CPU
		{0D43A80A-108C-4A6A-8F9C-6969E19AB284}.Release|x64.Build.0 = Release|Any CPU
		{0D43A80A-108C-4A6A-8F9C-6969E19AB284}.Release|x86.ActiveCfg = Release|Any CPU
		{0D43A80A-108C-4A6A-8F9C-6969E19AB284}.Release|x86.Build.0 = Release|Any CPU
		{89DFFBF0-36B9-4D6B-AC38-430734A1A138}.Debug|Any CPU.ActiveCfg = Debug|Any CPU
		{89DFFBF0-36B9-4D6B-AC38-430734A1A138}.Debug|Any CPU.Build.0 = Debug|Any CPU
		{89DFFBF0-36B9-4D6B-AC38-430734A1A138}.Debug|x64.ActiveCfg = Debug|Any CPU
		{89DFFBF0-36B9-4D6B-AC38-430734A1A138}.Debug|x64.Build.0 = Debug|Any CPU
		{89DFFBF0-36B9-4D6B-AC38-430734A1A138}.Debug|x86.ActiveCfg = Debug|Any CPU
		{89DFFBF0-36B9-4D6B-AC38-430734A1A138}.Debug|x86.Build.0 = Debug|Any CPU
		{89DFFBF0-36B9-4D6B-AC38-430734A1A138}.Release|Any CPU.ActiveCfg = Release|Any CPU
		{89DFFBF0-36B9-4D6B-AC38-430734A1A138}.Release|Any CPU.Build.0 = Release|Any CPU
		{89DFFBF0-36B9-4D6B-AC38-430734A1A138}.Release|x64.ActiveCfg = Release|Any CPU
		{89DFFBF0-36B9-4D6B-AC38-430734A1A138}.Release|x64.Build.0 = Release|Any CPU
		{89DFFBF0-36B9-4D6B-AC38-430734A1A138}.Release|x86.ActiveCfg = Release|Any CPU
		{89DFFBF0-36B9-4D6B-AC38-430734A1A138}.Release|x86.Build.0 = Release|Any CPU
		{01ED2758-42E6-4930-BAEC-C58BE0093187}.Debug|Any CPU.ActiveCfg = Debug|Any CPU
		{01ED2758-42E6-4930-BAEC-C58BE0093187}.Debug|Any CPU.Build.0 = Debug|Any CPU
		{01ED2758-42E6-4930-BAEC-C58BE0093187}.Debug|x64.ActiveCfg = Debug|Any CPU
		{01ED2758-42E6-4930-BAEC-C58BE0093187}.Debug|x64.Build.0 = Debug|Any CPU
		{01ED2758-42E6-4930-BAEC-C58BE0093187}.Debug|x86.ActiveCfg = Debug|Any CPU
		{01ED2758-42E6-4930-BAEC-C58BE0093187}.Debug|x86.Build.0 = Debug|Any CPU
		{01ED2758-42E6-4930-BAEC-C58BE0093187}.Release|Any CPU.ActiveCfg = Release|Any CPU
		{01ED2758-42E6-4930-BAEC-C58BE0093187}.Release|Any CPU.Build.0 = Release|Any CPU
		{01ED2758-42E6-4930-BAEC-C58BE0093187}.Release|x64.ActiveCfg = Release|Any CPU
		{01ED2758-42E6-4930-BAEC-C58BE0093187}.Release|x64.Build.0 = Release|Any CPU
		{01ED2758-42E6-4930-BAEC-C58BE0093187}.Release|x86.ActiveCfg = Release|Any CPU
		{01ED2758-42E6-4930-BAEC-C58BE0093187}.Release|x86.Build.0 = Release|Any CPU
		{7FC17C02-A026-4C60-9F40-CFB8E6773CA5}.Debug|Any CPU.ActiveCfg = Debug|Any CPU
		{7FC17C02-A026-4C60-9F40-CFB8E6773CA5}.Debug|Any CPU.Build.0 = Debug|Any CPU
		{7FC17C02-A026-4C60-9F40-CFB8E6773CA5}.Debug|x64.ActiveCfg = Debug|Any CPU
		{7FC17C02-A026-4C60-9F40-CFB8E6773CA5}.Debug|x64.Build.0 = Debug|Any CPU
		{7FC17C02-A026-4C60-9F40-CFB8E6773CA5}.Debug|x86.ActiveCfg = Debug|Any CPU
		{7FC17C02-A026-4C60-9F40-CFB8E6773CA5}.Debug|x86.Build.0 = Debug|Any CPU
		{7FC17C02-A026-4C60-9F40-CFB8E6773CA5}.Release|Any CPU.ActiveCfg = Release|Any CPU
		{7FC17C02-A026-4C60-9F40-CFB8E6773CA5}.Release|Any CPU.Build.0 = Release|Any CPU
		{7FC17C02-A026-4C60-9F40-CFB8E6773CA5}.Release|x64.ActiveCfg = Release|Any CPU
		{7FC17C02-A026-4C60-9F40-CFB8E6773CA5}.Release|x64.Build.0 = Release|Any CPU
		{7FC17C02-A026-4C60-9F40-CFB8E6773CA5}.Release|x86.ActiveCfg = Release|Any CPU
		{7FC17C02-A026-4C60-9F40-CFB8E6773CA5}.Release|x86.Build.0 = Release|Any CPU
		{DC2A80A2-438E-4935-BE55-3FC77AA46F93}.Debug|Any CPU.ActiveCfg = Debug|Any CPU
		{DC2A80A2-438E-4935-BE55-3FC77AA46F93}.Debug|Any CPU.Build.0 = Debug|Any CPU
		{DC2A80A2-438E-4935-BE55-3FC77AA46F93}.Debug|x64.ActiveCfg = Debug|Any CPU
		{DC2A80A2-438E-4935-BE55-3FC77AA46F93}.Debug|x64.Build.0 = Debug|Any CPU
		{DC2A80A2-438E-4935-BE55-3FC77AA46F93}.Debug|x86.ActiveCfg = Debug|Any CPU
		{DC2A80A2-438E-4935-BE55-3FC77AA46F93}.Debug|x86.Build.0 = Debug|Any CPU
		{DC2A80A2-438E-4935-BE55-3FC77AA46F93}.Release|Any CPU.ActiveCfg = Release|Any CPU
		{DC2A80A2-438E-4935-BE55-3FC77AA46F93}.Release|Any CPU.Build.0 = Release|Any CPU
		{DC2A80A2-438E-4935-BE55-3FC77AA46F93}.Release|x64.ActiveCfg = Release|Any CPU
		{DC2A80A2-438E-4935-BE55-3FC77AA46F93}.Release|x64.Build.0 = Release|Any CPU
		{DC2A80A2-438E-4935-BE55-3FC77AA46F93}.Release|x86.ActiveCfg = Release|Any CPU
		{DC2A80A2-438E-4935-BE55-3FC77AA46F93}.Release|x86.Build.0 = Release|Any CPU
	EndGlobalSection
	GlobalSection(SolutionProperties) = preSolution
		HideSolutionNode = FALSE
	EndGlobalSection
	GlobalSection(NestedProjects) = preSolution
		{BC4C5090-E3E9-43C8-9DD0-DE1066B5D42B} = {514900EC-C588-488F-B953-DD6DD10C3249}
		{F3BFDC48-C88D-40C5-8C69-E64FD8E1485D} = {514900EC-C588-488F-B953-DD6DD10C3249}
		{1A68239C-2CA3-4E70-B306-105C766B6174} = {514900EC-C588-488F-B953-DD6DD10C3249}
		{378497EB-31F0-4941-8A31-B86EDE832C08} = {514900EC-C588-488F-B953-DD6DD10C3249}
		{218A0BAA-6008-4FED-B6DC-194ED347997E} = {514900EC-C588-488F-B953-DD6DD10C3249}
		{7E78DEA6-CAFF-4D78-B15E-89D37C75271D} = {514900EC-C588-488F-B953-DD6DD10C3249}
		{CBCFE473-74C4-43EC-B89F-DDF79701CFE9} = {514900EC-C588-488F-B953-DD6DD10C3249}
		{7A286BFE-45BD-4132-8640-DBC9283CB4B2} = {514900EC-C588-488F-B953-DD6DD10C3249}
		{819FCBC1-9434-4F85-A67B-CA1AAF8CC087} = {514900EC-C588-488F-B953-DD6DD10C3249}
		{23F3969D-96B9-4792-AA36-A1DA4FF4686F} = {514900EC-C588-488F-B953-DD6DD10C3249}
		{EB347262-7530-486C-927F-25E2C801479A} = {514900EC-C588-488F-B953-DD6DD10C3249}
		{F666489F-323E-41F6-8AF1-6C1F54EBAC4A} = {514900EC-C588-488F-B953-DD6DD10C3249}
		{0D43A80A-108C-4A6A-8F9C-6969E19AB284} = {514900EC-C588-488F-B953-DD6DD10C3249}
		{89DFFBF0-36B9-4D6B-AC38-430734A1A138} = {514900EC-C588-488F-B953-DD6DD10C3249}
		{01ED2758-42E6-4930-BAEC-C58BE0093187} = {514900EC-C588-488F-B953-DD6DD10C3249}
		{7FC17C02-A026-4C60-9F40-CFB8E6773CA5} = {514900EC-C588-488F-B953-DD6DD10C3249}
		{DC2A80A2-438E-4935-BE55-3FC77AA46F93} = {514900EC-C588-488F-B953-DD6DD10C3249}
	EndGlobalSection
	GlobalSection(ExtensibilityGlobals) = postSolution
		SolutionGuid = {D4617920-A357-4AC8-B4F3-6BB1F60401A9}
	EndGlobalSection
EndGlobal
